
Microsoft Visual Studio Solution File, Format Version 12.00
# Visual Studio Version 17
VisualStudioVersion = 17.11.35222.181
MinimumVisualStudioVersion = 10.0.40219.1
Project("{FAE04EC0-301F-11D3-BF4B-00C04F79EFBC}") = "Lifenix.API", "Web API\Lifenix.API\Lifenix.API.csproj", "{7225AF20-C199-71FE-6333-4A91D0479CD7}"
EndProject
Project("{2150E333-8FDC-42A3-9474-1A3956D46DE8}") = "Web API", "Web API", "{02EA681E-C7D8-13C7-8484-4AC65E1B71E8}"
EndProject
Project("{FAE04EC0-301F-11D3-BF4B-00C04F79EFBC}") = "Lifenix.API.Data", "Data\Lifenix.API.Data\Lifenix.API.Data.csproj", "{5867F05D-45B5-029E-D152-83B4DB4D6482}"
EndProject
Project("{FAE04EC0-301F-11D3-BF4B-00C04F79EFBC}") = "Lifenix.API.Data.Common", "Data\Lifenix.API.Data.Common\Lifenix.API.Data.Common.csproj", "{F8AC659C-FE11-D718-9F95-8B89BB3EA7F5}"
EndProject
Project("{FAE04EC0-301F-11D3-BF4B-00C04F79EFBC}") = "Lifenix.API.Data.Models", "Data\Lifenix.API.Data.Models\Lifenix.API.Data.Models.csproj", "{A43760CA-11F9-B856-A96F-C2E4EA71DBEC}"
EndProject
Project("{2150E333-8FDC-42A3-9474-1A3956D46DE8}") = "Data", "Data", "{B6B8395F-6FC9-435F-A2FC-45A0EB6F4733}"
EndProject
Project("{2150E333-8FDC-42A3-9474-1A3956D46DE8}") = "Services", "Services", "{8B94E693-5C60-4ADE-8853-85FF6A135AEA}"
EndProject
Project("{FAE04EC0-301F-11D3-BF4B-00C04F79EFBC}") = "Lifenix.API.Services", "Services\Lifenix.API.Services\Lifenix.API.Services.csproj", "{7355778E-01DE-856B-5305-6570FABE26BD}"
EndProject
Project("{FAE04EC0-301F-11D3-BF4B-00C04F79EFBC}") = "Lifenix.API.Services.Data", "Services\Lifenix.API.Services.Data\Lifenix.API.Services.Data.csproj", "{79DF3046-3351-2CAB-8D5D-53F66C78E284}"
EndProject
Project("{FAE04EC0-301F-11D3-BF4B-00C04F79EFBC}") = "Lifenix.API.Services.Mapping", "Services\Lifenix.API.Services.Mapping\Lifenix.API.Services.Mapping.csproj", "{EC5875C0-71A8-2CAC-7847-8595040F08DF}"
EndProject
Project("{FAE04EC0-301F-11D3-BF4B-00C04F79EFBC}") = "Lifenix.API.Common", "Lifenix.API.Common\Lifenix.API.Common.csproj", "{16CE9291-92D5-1F76-267A-C2AE0D0BD948}"
EndProject
Project("{FAE04EC0-301F-11D3-BF4B-00C04F79EFBC}") = "Lifenix.API.DTOs", "..\..\ASPNET + Angular Project\Web\Lifenix.API.Web.DTOs\Lifenix.API.DTOs.csproj", "{2493451A-011E-4CAC-652E-A70B4AAE8041}"
EndProject
Global
	GlobalSection(SolutionConfigurationPlatforms) = preSolution
		Debug|Any CPU = Debug|Any CPU
		Release|Any CPU = Release|Any CPU
	EndGlobalSection
	GlobalSection(ProjectConfigurationPlatforms) = postSolution
		{7225AF20-C199-71FE-6333-4A91D0479CD7}.Debug|Any CPU.ActiveCfg = Debug|Any CPU
		{7225AF20-C199-71FE-6333-4A91D0479CD7}.Debug|Any CPU.Build.0 = Debug|Any CPU
		{7225AF20-C199-71FE-6333-4A91D0479CD7}.Release|Any CPU.ActiveCfg = Release|Any CPU
		{7225AF20-C199-71FE-6333-4A91D0479CD7}.Release|Any CPU.Build.0 = Release|Any CPU
		{5867F05D-45B5-029E-D152-83B4DB4D6482}.Debug|Any CPU.ActiveCfg = Debug|Any CPU
		{5867F05D-45B5-029E-D152-83B4DB4D6482}.Debug|Any CPU.Build.0 = Debug|Any CPU
		{5867F05D-45B5-029E-D152-83B4DB4D6482}.Release|Any CPU.ActiveCfg = Release|Any CPU
		{5867F05D-45B5-029E-D152-83B4DB4D6482}.Release|Any CPU.Build.0 = Release|Any CPU
		{F8AC659C-FE11-D718-9F95-8B89BB3EA7F5}.Debug|Any CPU.ActiveCfg = Debug|Any CPU
		{F8AC659C-FE11-D718-9F95-8B89BB3EA7F5}.Debug|Any CPU.Build.0 = Debug|Any CPU
		{F8AC659C-FE11-D718-9F95-8B89BB3EA7F5}.Release|Any CPU.ActiveCfg = Release|Any CPU
		{F8AC659C-FE11-D718-9F95-8B89BB3EA7F5}.Release|Any CPU.Build.0 = Release|Any CPU
		{A43760CA-11F9-B856-A96F-C2E4EA71DBEC}.Debug|Any CPU.ActiveCfg = Debug|Any CPU
		{A43760CA-11F9-B856-A96F-C2E4EA71DBEC}.Debug|Any CPU.Build.0 = Debug|Any CPU
		{A43760CA-11F9-B856-A96F-C2E4EA71DBEC}.Release|Any CPU.ActiveCfg = Release|Any CPU
		{A43760CA-11F9-B856-A96F-C2E4EA71DBEC}.Release|Any CPU.Build.0 = Release|Any CPU
		{7355778E-01DE-856B-5305-6570FABE26BD}.Debug|Any CPU.ActiveCfg = Debug|Any CPU
		{7355778E-01DE-856B-5305-6570FABE26BD}.Debug|Any CPU.Build.0 = Debug|Any CPU
		{7355778E-01DE-856B-5305-6570FABE26BD}.Release|Any CPU.ActiveCfg = Release|Any CPU
		{7355778E-01DE-856B-5305-6570FABE26BD}.Release|Any CPU.Build.0 = Release|Any CPU
		{79DF3046-3351-2CAB-8D5D-53F66C78E284}.Debug|Any CPU.ActiveCfg = Debug|Any CPU
		{79DF3046-3351-2CAB-8D5D-53F66C78E284}.Debug|Any CPU.Build.0 = Debug|Any CPU
		{79DF3046-3351-2CAB-8D5D-53F66C78E284}.Release|Any CPU.ActiveCfg = Release|Any CPU
		{79DF3046-3351-2CAB-8D5D-53F66C78E284}.Release|Any CPU.Build.0 = Release|Any CPU
		{EC5875C0-71A8-2CAC-7847-8595040F08DF}.Debug|Any CPU.ActiveCfg = Debug|Any CPU
		{EC5875C0-71A8-2CAC-7847-8595040F08DF}.Debug|Any CPU.Build.0 = Debug|Any CPU
		{EC5875C0-71A8-2CAC-7847-8595040F08DF}.Release|Any CPU.ActiveCfg = Release|Any CPU
		{EC5875C0-71A8-2CAC-7847-8595040F08DF}.Release|Any CPU.Build.0 = Release|Any CPU
		{16CE9291-92D5-1F76-267A-C2AE0D0BD948}.Debug|Any CPU.ActiveCfg = Debug|Any CPU
		{16CE9291-92D5-1F76-267A-C2AE0D0BD948}.Debug|Any CPU.Build.0 = Debug|Any CPU
		{16CE9291-92D5-1F76-267A-C2AE0D0BD948}.Release|Any CPU.ActiveCfg = Release|Any CPU
		{16CE9291-92D5-1F76-267A-C2AE0D0BD948}.Release|Any CPU.Build.0 = Release|Any CPU
		{2493451A-011E-4CAC-652E-A70B4AAE8041}.Debug|Any CPU.ActiveCfg = Debug|Any CPU
		{2493451A-011E-4CAC-652E-A70B4AAE8041}.Debug|Any CPU.Build.0 = Debug|Any CPU
		{2493451A-011E-4CAC-652E-A70B4AAE8041}.Release|Any CPU.ActiveCfg = Release|Any CPU
		{2493451A-011E-4CAC-652E-A70B4AAE8041}.Release|Any CPU.Build.0 = Release|Any CPU
	EndGlobalSection
	GlobalSection(SolutionProperties) = preSolution
		HideSolutionNode = FALSE
	EndGlobalSection
	GlobalSection(NestedProjects) = preSolution
		{7225AF20-C199-71FE-6333-4A91D0479CD7} = {02EA681E-C7D8-13C7-8484-4AC65E1B71E8}
		{5867F05D-45B5-029E-D152-83B4DB4D6482} = {B6B8395F-6FC9-435F-A2FC-45A0EB6F4733}
		{F8AC659C-FE11-D718-9F95-8B89BB3EA7F5} = {B6B8395F-6FC9-435F-A2FC-45A0EB6F4733}
		{A43760CA-11F9-B856-A96F-C2E4EA71DBEC} = {B6B8395F-6FC9-435F-A2FC-45A0EB6F4733}
		{7355778E-01DE-856B-5305-6570FABE26BD} = {8B94E693-5C60-4ADE-8853-85FF6A135AEA}
		{79DF3046-3351-2CAB-8D5D-53F66C78E284} = {8B94E693-5C60-4ADE-8853-85FF6A135AEA}
		{EC5875C0-71A8-2CAC-7847-8595040F08DF} = {8B94E693-5C60-4ADE-8853-85FF6A135AEA}
		{2493451A-011E-4CAC-652E-A70B4AAE8041} = {02EA681E-C7D8-13C7-8484-4AC65E1B71E8}
	EndGlobalSection
	GlobalSection(ExtensibilityGlobals) = postSolution
		SolutionGuid = {B1FB0982-2685-4CD2-8359-ED11E17C9DC3}
	EndGlobalSection
EndGlobal
